
Microsoft Visual Studio Solution File, Format Version 12.00
# Visual Studio 15
VisualStudioVersion = 15.0.26403.3
MinimumVisualStudioVersion = 10.0.40219.1
Project("{FAE04EC0-301F-11D3-BF4B-00C04F79EFBC}") = "EasyMarket.Android", "EasyMarket\EasyMarket.Android\EasyMarket.Android.csproj", "{17EF95EB-6E53-46F6-BC79-CB2450D7FDFF}"
EndProject
Project("{FAE04EC0-301F-11D3-BF4B-00C04F79EFBC}") = "EasyMarket", "EasyMarket\EasyMarket\EasyMarket.csproj", "{CB69AFAB-8A7B-4ED7-8CF9-FC65F0C17E61}"
EndProject
Project("{FAE04EC0-301F-11D3-BF4B-00C04F79EFBC}") = "EasyMarket.UWP", "EasyMarket\EasyMarket.UWP\EasyMarket.UWP.csproj", "{EF4724B5-53B3-40B1-8B1D-45B4B58B18B4}"
EndProject
Project("{FAE04EC0-301F-11D3-BF4B-00C04F79EFBC}") = "EasyMarket.iOS", "EasyMarket\EasyMarket.iOS\EasyMarket.iOS.csproj", "{EFCE2BCC-BAB3-4F90-BA8E-200CB10C8B03}"
EndProject
Global
	GlobalSection(SolutionConfigurationPlatforms) = preSolution
		Ad-Hoc|Any CPU = Ad-Hoc|Any CPU
		Ad-Hoc|ARM = Ad-Hoc|ARM
		Ad-Hoc|iPhone = Ad-Hoc|iPhone
		Ad-Hoc|iPhoneSimulator = Ad-Hoc|iPhoneSimulator
		Ad-Hoc|x64 = Ad-Hoc|x64
		Ad-Hoc|x86 = Ad-Hoc|x86
		AppStore|Any CPU = AppStore|Any CPU
		AppStore|ARM = AppStore|ARM
		AppStore|iPhone = AppStore|iPhone
		AppStore|iPhoneSimulator = AppStore|iPhoneSimulator
		AppStore|x64 = AppStore|x64
		AppStore|x86 = AppStore|x86
		Debug|Any CPU = Debug|Any CPU
		Debug|ARM = Debug|ARM
		Debug|iPhone = Debug|iPhone
		Debug|iPhoneSimulator = Debug|iPhoneSimulator
		Debug|x64 = Debug|x64
		Debug|x86 = Debug|x86
		Release|Any CPU = Release|Any CPU
		Release|ARM = Release|ARM
		Release|iPhone = Release|iPhone
		Release|iPhoneSimulator = Release|iPhoneSimulator
		Release|x64 = Release|x64
		Release|x86 = Release|x86
	EndGlobalSection
	GlobalSection(ProjectConfigurationPlatforms) = postSolution
		{17EF95EB-6E53-46F6-BC79-CB2450D7FDFF}.Ad-Hoc|Any CPU.ActiveCfg = Release|Any CPU
		{17EF95EB-6E53-46F6-BC79-CB2450D7FDFF}.Ad-Hoc|Any CPU.Build.0 = Release|Any CPU
		{17EF95EB-6E53-46F6-BC79-CB2450D7FDFF}.Ad-Hoc|Any CPU.Deploy.0 = Release|Any CPU
		{17EF95EB-6E53-46F6-BC79-CB2450D7FDFF}.Ad-Hoc|ARM.ActiveCfg = Release|Any CPU
		{17EF95EB-6E53-46F6-BC79-CB2450D7FDFF}.Ad-Hoc|ARM.Build.0 = Release|Any CPU
		{17EF95EB-6E53-46F6-BC79-CB2450D7FDFF}.Ad-Hoc|ARM.Deploy.0 = Release|Any CPU
		{17EF95EB-6E53-46F6-BC79-CB2450D7FDFF}.Ad-Hoc|iPhone.ActiveCfg = Release|Any CPU
		{17EF95EB-6E53-46F6-BC79-CB2450D7FDFF}.Ad-Hoc|iPhone.Build.0 = Release|Any CPU
		{17EF95EB-6E53-46F6-BC79-CB2450D7FDFF}.Ad-Hoc|iPhone.Deploy.0 = Release|Any CPU
		{17EF95EB-6E53-46F6-BC79-CB2450D7FDFF}.Ad-Hoc|iPhoneSimulator.ActiveCfg = Release|Any CPU
		{17EF95EB-6E53-46F6-BC79-CB2450D7FDFF}.Ad-Hoc|iPhoneSimulator.Build.0 = Release|Any CPU
		{17EF95EB-6E53-46F6-BC79-CB2450D7FDFF}.Ad-Hoc|iPhoneSimulator.Deploy.0 = Release|Any CPU
		{17EF95EB-6E53-46F6-BC79-CB2450D7FDFF}.Ad-Hoc|x64.ActiveCfg = Release|Any CPU
		{17EF95EB-6E53-46F6-BC79-CB2450D7FDFF}.Ad-Hoc|x64.Build.0 = Release|Any CPU
		{17EF95EB-6E53-46F6-BC79-CB2450D7FDFF}.Ad-Hoc|x64.Deploy.0 = Release|Any CPU
		{17EF95EB-6E53-46F6-BC79-CB2450D7FDFF}.Ad-Hoc|x86.ActiveCfg = Release|Any CPU
		{17EF95EB-6E53-46F6-BC79-CB2450D7FDFF}.Ad-Hoc|x86.Build.0 = Release|Any CPU
		{17EF95EB-6E53-46F6-BC79-CB2450D7FDFF}.Ad-Hoc|x86.Deploy.0 = Release|Any CPU
		{17EF95EB-6E53-46F6-BC79-CB2450D7FDFF}.AppStore|Any CPU.ActiveCfg = Release|Any CPU
		{17EF95EB-6E53-46F6-BC79-CB2450D7FDFF}.AppStore|Any CPU.Build.0 = Release|Any CPU
		{17EF95EB-6E53-46F6-BC79-CB2450D7FDFF}.AppStore|Any CPU.Deploy.0 = Release|Any CPU
		{17EF95EB-6E53-46F6-BC79-CB2450D7FDFF}.AppStore|ARM.ActiveCfg = Release|Any CPU
		{17EF95EB-6E53-46F6-BC79-CB2450D7FDFF}.AppStore|ARM.Build.0 = Release|Any CPU
		{17EF95EB-6E53-46F6-BC79-CB2450D7FDFF}.AppStore|ARM.Deploy.0 = Release|Any CPU
		{17EF95EB-6E53-46F6-BC79-CB2450D7FDFF}.AppStore|iPhone.ActiveCfg = Release|Any CPU
		{17EF95EB-6E53-46F6-BC79-CB2450D7FDFF}.AppStore|iPhone.Build.0 = Release|Any CPU
		{17EF95EB-6E53-46F6-BC79-CB2450D7FDFF}.AppStore|iPhone.Deploy.0 = Release|Any CPU
		{17EF95EB-6E53-46F6-BC79-CB2450D7FDFF}.AppStore|iPhoneSimulator.ActiveCfg = Release|Any CPU
		{17EF95EB-6E53-46F6-BC79-CB2450D7FDFF}.AppStore|iPhoneSimulator.Build.0 = Release|Any CPU
		{17EF95EB-6E53-46F6-BC79-CB2450D7FDFF}.AppStore|iPhoneSimulator.Deploy.0 = Release|Any CPU
		{17EF95EB-6E53-46F6-BC79-CB2450D7FDFF}.AppStore|x64.ActiveCfg = Release|Any CPU
		{17EF95EB-6E53-46F6-BC79-CB2450D7FDFF}.AppStore|x64.Build.0 = Release|Any CPU
		{17EF95EB-6E53-46F6-BC79-CB2450D7FDFF}.AppStore|x64.Deploy.0 = Release|Any CPU
		{17EF95EB-6E53-46F6-BC79-CB2450D7FDFF}.AppStore|x86.ActiveCfg = Release|Any CPU
		{17EF95EB-6E53-46F6-BC79-CB2450D7FDFF}.AppStore|x86.Build.0 = Release|Any CPU
		{17EF95EB-6E53-46F6-BC79-CB2450D7FDFF}.AppStore|x86.Deploy.0 = Release|Any CPU
		{17EF95EB-6E53-46F6-BC79-CB2450D7FDFF}.Debug|Any CPU.ActiveCfg = Debug|Any CPU
		{17EF95EB-6E53-46F6-BC79-CB2450D7FDFF}.Debug|Any CPU.Build.0 = Debug|Any CPU
		{17EF95EB-6E53-46F6-BC79-CB2450D7FDFF}.Debug|Any CPU.Deploy.0 = Debug|Any CPU
		{17EF95EB-6E53-46F6-BC79-CB2450D7FDFF}.Debug|ARM.ActiveCfg = Debug|Any CPU
		{17EF95EB-6E53-46F6-BC79-CB2450D7FDFF}.Debug|ARM.Build.0 = Debug|Any CPU
		{17EF95EB-6E53-46F6-BC79-CB2450D7FDFF}.Debug|ARM.Deploy.0 = Debug|Any CPU
		{17EF95EB-6E53-46F6-BC79-CB2450D7FDFF}.Debug|iPhone.ActiveCfg = Debug|Any CPU
		{17EF95EB-6E53-46F6-BC79-CB2450D7FDFF}.Debug|iPhone.Build.0 = Debug|Any CPU
		{17EF95EB-6E53-46F6-BC79-CB2450D7FDFF}.Debug|iPhone.Deploy.0 = Debug|Any CPU
		{17EF95EB-6E53-46F6-BC79-CB2450D7FDFF}.Debug|iPhoneSimulator.ActiveCfg = Debug|Any CPU
		{17EF95EB-6E53-46F6-BC79-CB2450D7FDFF}.Debug|iPhoneSimulator.Build.0 = Debug|Any CPU
		{17EF95EB-6E53-46F6-BC79-CB2450D7FDFF}.Debug|iPhoneSimulator.Deploy.0 = Debug|Any CPU
		{17EF95EB-6E53-46F6-BC79-CB2450D7FDFF}.Debug|x64.ActiveCfg = Debug|Any CPU
		{17EF95EB-6E53-46F6-BC79-CB2450D7FDFF}.Debug|x64.Build.0 = Debug|Any CPU
		{17EF95EB-6E53-46F6-BC79-CB2450D7FDFF}.Debug|x64.Deploy.0 = Debug|Any CPU
		{17EF95EB-6E53-46F6-BC79-CB2450D7FDFF}.Debug|x86.ActiveCfg = Debug|Any CPU
		{17EF95EB-6E53-46F6-BC79-CB2450D7FDFF}.Debug|x86.Build.0 = Debug|Any CPU
		{17EF95EB-6E53-46F6-BC79-CB2450D7FDFF}.Debug|x86.Deploy.0 = Debug|Any CPU
		{17EF95EB-6E53-46F6-BC79-CB2450D7FDFF}.Release|Any CPU.ActiveCfg = Release|Any CPU
		{17EF95EB-6E53-46F6-BC79-CB2450D7FDFF}.Release|Any CPU.Build.0 = Release|Any CPU
		{17EF95EB-6E53-46F6-BC79-CB2450D7FDFF}.Release|Any CPU.Deploy.0 = Release|Any CPU
		{17EF95EB-6E53-46F6-BC79-CB2450D7FDFF}.Release|ARM.ActiveCfg = Release|Any CPU
		{17EF95EB-6E53-46F6-BC79-CB2450D7FDFF}.Release|ARM.Build.0 = Release|Any CPU
		{17EF95EB-6E53-46F6-BC79-CB2450D7FDFF}.Release|ARM.Deploy.0 = Release|Any CPU
		{17EF95EB-6E53-46F6-BC79-CB2450D7FDFF}.Release|iPhone.ActiveCfg = Release|Any CPU
		{17EF95EB-6E53-46F6-BC79-CB2450D7FDFF}.Release|iPhone.Build.0 = Release|Any CPU
		{17EF95EB-6E53-46F6-BC79-CB2450D7FDFF}.Release|iPhone.Deploy.0 = Release|Any CPU
		{17EF95EB-6E53-46F6-BC79-CB2450D7FDFF}.Release|iPhoneSimulator.ActiveCfg = Release|Any CPU
		{17EF95EB-6E53-46F6-BC79-CB2450D7FDFF}.Release|iPhoneSimulator.Build.0 = Release|Any CPU
		{17EF95EB-6E53-46F6-BC79-CB2450D7FDFF}.Release|iPhoneSimulator.Deploy.0 = Release|Any CPU
		{17EF95EB-6E53-46F6-BC79-CB2450D7FDFF}.Release|x64.ActiveCfg = Release|Any CPU
		{17EF95EB-6E53-46F6-BC79-CB2450D7FDFF}.Release|x64.Build.0 = Release|Any CPU
		{17EF95EB-6E53-46F6-BC79-CB2450D7FDFF}.Release|x64.Deploy.0 = Release|Any CPU
		{17EF95EB-6E53-46F6-BC79-CB2450D7FDFF}.Release|x86.ActiveCfg = Release|Any CPU
		{17EF95EB-6E53-46F6-BC79-CB2450D7FDFF}.Release|x86.Build.0 = Release|Any CPU
		{17EF95EB-6E53-46F6-BC79-CB2450D7FDFF}.Release|x86.Deploy.0 = Release|Any CPU
		{CB69AFAB-8A7B-4ED7-8CF9-FC65F0C17E61}.Ad-Hoc|Any CPU.ActiveCfg = Release|Any CPU
		{CB69AFAB-8A7B-4ED7-8CF9-FC65F0C17E61}.Ad-Hoc|Any CPU.Build.0 = Release|Any CPU
		{CB69AFAB-8A7B-4ED7-8CF9-FC65F0C17E61}.Ad-Hoc|ARM.ActiveCfg = Release|Any CPU
		{CB69AFAB-8A7B-4ED7-8CF9-FC65F0C17E61}.Ad-Hoc|ARM.Build.0 = Release|Any CPU
		{CB69AFAB-8A7B-4ED7-8CF9-FC65F0C17E61}.Ad-Hoc|iPhone.ActiveCfg = Release|Any CPU
		{CB69AFAB-8A7B-4ED7-8CF9-FC65F0C17E61}.Ad-Hoc|iPhone.Build.0 = Release|Any CPU
		{CB69AFAB-8A7B-4ED7-8CF9-FC65F0C17E61}.Ad-Hoc|iPhoneSimulator.ActiveCfg = Release|Any CPU
		{CB69AFAB-8A7B-4ED7-8CF9-FC65F0C17E61}.Ad-Hoc|iPhoneSimulator.Build.0 = Release|Any CPU
		{CB69AFAB-8A7B-4ED7-8CF9-FC65F0C17E61}.Ad-Hoc|x64.ActiveCfg = Release|Any CPU
		{CB69AFAB-8A7B-4ED7-8CF9-FC65F0C17E61}.Ad-Hoc|x64.Build.0 = Release|Any CPU
		{CB69AFAB-8A7B-4ED7-8CF9-FC65F0C17E61}.Ad-Hoc|x86.ActiveCfg = Release|Any CPU
		{CB69AFAB-8A7B-4ED7-8CF9-FC65F0C17E61}.Ad-Hoc|x86.Build.0 = Release|Any CPU
		{CB69AFAB-8A7B-4ED7-8CF9-FC65F0C17E61}.AppStore|Any CPU.ActiveCfg = Release|Any CPU
		{CB69AFAB-8A7B-4ED7-8CF9-FC65F0C17E61}.AppStore|Any CPU.Build.0 = Release|Any CPU
		{CB69AFAB-8A7B-4ED7-8CF9-FC65F0C17E61}.AppStore|ARM.ActiveCfg = Release|Any CPU
		{CB69AFAB-8A7B-4ED7-8CF9-FC65F0C17E61}.AppStore|ARM.Build.0 = Release|Any CPU
		{CB69AFAB-8A7B-4ED7-8CF9-FC65F0C17E61}.AppStore|iPhone.ActiveCfg = Release|Any CPU
		{CB69AFAB-8A7B-4ED7-8CF9-FC65F0C17E61}.AppStore|iPhone.Build.0 = Release|Any CPU
		{CB69AFAB-8A7B-4ED7-8CF9-FC65F0C17E61}.AppStore|iPhoneSimulator.ActiveCfg = Release|Any CPU
		{CB69AFAB-8A7B-4ED7-8CF9-FC65F0C17E61}.AppStore|iPhoneSimulator.Build.0 = Release|Any CPU
		{CB69AFAB-8A7B-4ED7-8CF9-FC65F0C17E61}.AppStore|x64.ActiveCfg = Release|Any CPU
		{CB69AFAB-8A7B-4ED7-8CF9-FC65F0C17E61}.AppStore|x64.Build.0 = Release|Any CPU
		{CB69AFAB-8A7B-4ED7-8CF9-FC65F0C17E61}.AppStore|x86.ActiveCfg = Release|Any CPU
		{CB69AFAB-8A7B-4ED7-8CF9-FC65F0C17E61}.AppStore|x86.Build.0 = Release|Any CPU
		{CB69AFAB-8A7B-4ED7-8CF9-FC65F0C17E61}.Debug|Any CPU.ActiveCfg = Debug|Any CPU
		{CB69AFAB-8A7B-4ED7-8CF9-FC65F0C17E61}.Debug|Any CPU.Build.0 = Debug|Any CPU
		{CB69AFAB-8A7B-4ED7-8CF9-FC65F0C17E61}.Debug|ARM.ActiveCfg = Debug|Any CPU
		{CB69AFAB-8A7B-4ED7-8CF9-FC65F0C17E61}.Debug|ARM.Build.0 = Debug|Any CPU
		{CB69AFAB-8A7B-4ED7-8CF9-FC65F0C17E61}.Debug|iPhone.ActiveCfg = Debug|Any CPU
		{CB69AFAB-8A7B-4ED7-8CF9-FC65F0C17E61}.Debug|iPhone.Build.0 = Debug|Any CPU
		{CB69AFAB-8A7B-4ED7-8CF9-FC65F0C17E61}.Debug|iPhoneSimulator.ActiveCfg = Debug|Any CPU
		{CB69AFAB-8A7B-4ED7-8CF9-FC65F0C17E61}.Debug|iPhoneSimulator.Build.0 = Debug|Any CPU
		{CB69AFAB-8A7B-4ED7-8CF9-FC65F0C17E61}.Debug|x64.ActiveCfg = Debug|Any CPU
		{CB69AFAB-8A7B-4ED7-8CF9-FC65F0C17E61}.Debug|x64.Build.0 = Debug|Any CPU
		{CB69AFAB-8A7B-4ED7-8CF9-FC65F0C17E61}.Debug|x86.ActiveCfg = Debug|Any CPU
		{CB69AFAB-8A7B-4ED7-8CF9-FC65F0C17E61}.Debug|x86.Build.0 = Debug|Any CPU
		{CB69AFAB-8A7B-4ED7-8CF9-FC65F0C17E61}.Release|Any CPU.ActiveCfg = Release|Any CPU
		{CB69AFAB-8A7B-4ED7-8CF9-FC65F0C17E61}.Release|Any CPU.Build.0 = Release|Any CPU
		{CB69AFAB-8A7B-4ED7-8CF9-FC65F0C17E61}.Release|ARM.ActiveCfg = Release|Any CPU
		{CB69AFAB-8A7B-4ED7-8CF9-FC65F0C17E61}.Release|ARM.Build.0 = Release|Any CPU
		{CB69AFAB-8A7B-4ED7-8CF9-FC65F0C17E61}.Release|iPhone.ActiveCfg = Release|Any CPU
		{CB69AFAB-8A7B-4ED7-8CF9-FC65F0C17E61}.Release|iPhone.Build.0 = Release|Any CPU
		{CB69AFAB-8A7B-4ED7-8CF9-FC65F0C17E61}.Release|iPhoneSimulator.ActiveCfg = Release|Any CPU
		{CB69AFAB-8A7B-4ED7-8CF9-FC65F0C17E61}.Release|iPhoneSimulator.Build.0 = Release|Any CPU
		{CB69AFAB-8A7B-4ED7-8CF9-FC65F0C17E61}.Release|x64.ActiveCfg = Release|Any CPU
		{CB69AFAB-8A7B-4ED7-8CF9-FC65F0C17E61}.Release|x64.Build.0 = Release|Any CPU
		{CB69AFAB-8A7B-4ED7-8CF9-FC65F0C17E61}.Release|x86.ActiveCfg = Release|Any CPU
		{CB69AFAB-8A7B-4ED7-8CF9-FC65F0C17E61}.Release|x86.Build.0 = Release|Any CPU
		{EF4724B5-53B3-40B1-8B1D-45B4B58B18B4}.Ad-Hoc|Any CPU.ActiveCfg = Release|x86
		{EF4724B5-53B3-40B1-8B1D-45B4B58B18B4}.Ad-Hoc|Any CPU.Build.0 = Release|x86
		{EF4724B5-53B3-40B1-8B1D-45B4B58B18B4}.Ad-Hoc|Any CPU.Deploy.0 = Release|x86
		{EF4724B5-53B3-40B1-8B1D-45B4B58B18B4}.Ad-Hoc|ARM.ActiveCfg = Release|ARM
		{EF4724B5-53B3-40B1-8B1D-45B4B58B18B4}.Ad-Hoc|ARM.Build.0 = Release|ARM
		{EF4724B5-53B3-40B1-8B1D-45B4B58B18B4}.Ad-Hoc|ARM.Deploy.0 = Release|ARM
		{EF4724B5-53B3-40B1-8B1D-45B4B58B18B4}.Ad-Hoc|iPhone.ActiveCfg = Release|x86
		{EF4724B5-53B3-40B1-8B1D-45B4B58B18B4}.Ad-Hoc|iPhone.Build.0 = Release|x86
		{EF4724B5-53B3-40B1-8B1D-45B4B58B18B4}.Ad-Hoc|iPhone.Deploy.0 = Release|x86
		{EF4724B5-53B3-40B1-8B1D-45B4B58B18B4}.Ad-Hoc|iPhoneSimulator.ActiveCfg = Release|x86
		{EF4724B5-53B3-40B1-8B1D-45B4B58B18B4}.Ad-Hoc|iPhoneSimulator.Build.0 = Release|x86
		{EF4724B5-53B3-40B1-8B1D-45B4B58B18B4}.Ad-Hoc|iPhoneSimulator.Deploy.0 = Release|x86
		{EF4724B5-53B3-40B1-8B1D-45B4B58B18B4}.Ad-Hoc|x64.ActiveCfg = Release|x64
		{EF4724B5-53B3-40B1-8B1D-45B4B58B18B4}.Ad-Hoc|x64.Build.0 = Release|x64
		{EF4724B5-53B3-40B1-8B1D-45B4B58B18B4}.Ad-Hoc|x64.Deploy.0 = Release|x64
		{EF4724B5-53B3-40B1-8B1D-45B4B58B18B4}.Ad-Hoc|x86.ActiveCfg = Release|x86
		{EF4724B5-53B3-40B1-8B1D-45B4B58B18B4}.Ad-Hoc|x86.Build.0 = Release|x86
		{EF4724B5-53B3-40B1-8B1D-45B4B58B18B4}.Ad-Hoc|x86.Deploy.0 = Release|x86
		{EF4724B5-53B3-40B1-8B1D-45B4B58B18B4}.AppStore|Any CPU.ActiveCfg = Release|x86
		{EF4724B5-53B3-40B1-8B1D-45B4B58B18B4}.AppStore|Any CPU.Build.0 = Release|x86
		{EF4724B5-53B3-40B1-8B1D-45B4B58B18B4}.AppStore|Any CPU.Deploy.0 = Release|x86
		{EF4724B5-53B3-40B1-8B1D-45B4B58B18B4}.AppStore|ARM.ActiveCfg = Release|ARM
		{EF4724B5-53B3-40B1-8B1D-45B4B58B18B4}.AppStore|ARM.Build.0 = Release|ARM
		{EF4724B5-53B3-40B1-8B1D-45B4B58B18B4}.AppStore|ARM.Deploy.0 = Release|ARM
		{EF4724B5-53B3-40B1-8B1D-45B4B58B18B4}.AppStore|iPhone.ActiveCfg = Release|x86
		{EF4724B5-53B3-40B1-8B1D-45B4B58B18B4}.AppStore|iPhone.Build.0 = Release|x86
		{EF4724B5-53B3-40B1-8B1D-45B4B58B18B4}.AppStore|iPhone.Deploy.0 = Release|x86
		{EF4724B5-53B3-40B1-8B1D-45B4B58B18B4}.AppStore|iPhoneSimulator.ActiveCfg = Release|x86
		{EF4724B5-53B3-40B1-8B1D-45B4B58B18B4}.AppStore|iPhoneSimulator.Build.0 = Release|x86
		{EF4724B5-53B3-40B1-8B1D-45B4B58B18B4}.AppStore|iPhoneSimulator.Deploy.0 = Release|x86
		{EF4724B5-53B3-40B1-8B1D-45B4B58B18B4}.AppStore|x64.ActiveCfg = Release|x64
		{EF4724B5-53B3-40B1-8B1D-45B4B58B18B4}.AppStore|x64.Build.0 = Release|x64
		{EF4724B5-53B3-40B1-8B1D-45B4B58B18B4}.AppStore|x64.Deploy.0 = Release|x64
		{EF4724B5-53B3-40B1-8B1D-45B4B58B18B4}.AppStore|x86.ActiveCfg = Release|x86
		{EF4724B5-53B3-40B1-8B1D-45B4B58B18B4}.AppStore|x86.Build.0 = Release|x86
		{EF4724B5-53B3-40B1-8B1D-45B4B58B18B4}.AppStore|x86.Deploy.0 = Release|x86
		{EF4724B5-53B3-40B1-8B1D-45B4B58B18B4}.Debug|Any CPU.ActiveCfg = Debug|x86
		{EF4724B5-53B3-40B1-8B1D-45B4B58B18B4}.Debug|ARM.ActiveCfg = Debug|ARM
		{EF4724B5-53B3-40B1-8B1D-45B4B58B18B4}.Debug|ARM.Build.0 = Debug|ARM
		{EF4724B5-53B3-40B1-8B1D-45B4B58B18B4}.Debug|ARM.Deploy.0 = Debug|ARM
		{EF4724B5-53B3-40B1-8B1D-45B4B58B18B4}.Debug|iPhone.ActiveCfg = Debug|x86
		{EF4724B5-53B3-40B1-8B1D-45B4B58B18B4}.Debug|iPhoneSimulator.ActiveCfg = Debug|x86
		{EF4724B5-53B3-40B1-8B1D-45B4B58B18B4}.Debug|x64.ActiveCfg = Debug|x64
		{EF4724B5-53B3-40B1-8B1D-45B4B58B18B4}.Debug|x64.Build.0 = Debug|x64
		{EF4724B5-53B3-40B1-8B1D-45B4B58B18B4}.Debug|x64.Deploy.0 = Debug|x64
		{EF4724B5-53B3-40B1-8B1D-45B4B58B18B4}.Debug|x86.ActiveCfg = Debug|x86
		{EF4724B5-53B3-40B1-8B1D-45B4B58B18B4}.Debug|x86.Build.0 = Debug|x86
		{EF4724B5-53B3-40B1-8B1D-45B4B58B18B4}.Debug|x86.Deploy.0 = Debug|x86
		{EF4724B5-53B3-40B1-8B1D-45B4B58B18B4}.Release|Any CPU.ActiveCfg = Release|x86
		{EF4724B5-53B3-40B1-8B1D-45B4B58B18B4}.Release|ARM.ActiveCfg = Release|ARM
		{EF4724B5-53B3-40B1-8B1D-45B4B58B18B4}.Release|ARM.Build.0 = Release|ARM
		{EF4724B5-53B3-40B1-8B1D-45B4B58B18B4}.Release|ARM.Deploy.0 = Release|ARM
		{EF4724B5-53B3-40B1-8B1D-45B4B58B18B4}.Release|iPhone.ActiveCfg = Release|x86
		{EF4724B5-53B3-40B1-8B1D-45B4B58B18B4}.Release|iPhoneSimulator.ActiveCfg = Release|x86
		{EF4724B5-53B3-40B1-8B1D-45B4B58B18B4}.Release|x64.ActiveCfg = Release|x64
		{EF4724B5-53B3-40B1-8B1D-45B4B58B18B4}.Release|x64.Build.0 = Release|x64
		{EF4724B5-53B3-40B1-8B1D-45B4B58B18B4}.Release|x64.Deploy.0 = Release|x64
		{EF4724B5-53B3-40B1-8B1D-45B4B58B18B4}.Release|x86.ActiveCfg = Release|x86
		{EF4724B5-53B3-40B1-8B1D-45B4B58B18B4}.Release|x86.Build.0 = Release|x86
		{EF4724B5-53B3-40B1-8B1D-45B4B58B18B4}.Release|x86.Deploy.0 = Release|x86
		{EFCE2BCC-BAB3-4F90-BA8E-200CB10C8B03}.Ad-Hoc|Any CPU.ActiveCfg = Ad-Hoc|iPhone
		{EFCE2BCC-BAB3-4F90-BA8E-200CB10C8B03}.Ad-Hoc|ARM.ActiveCfg = Ad-Hoc|iPhone
		{EFCE2BCC-BAB3-4F90-BA8E-200CB10C8B03}.Ad-Hoc|iPhone.ActiveCfg = Ad-Hoc|iPhone
		{EFCE2BCC-BAB3-4F90-BA8E-200CB10C8B03}.Ad-Hoc|iPhone.Build.0 = Ad-Hoc|iPhone
		{EFCE2BCC-BAB3-4F90-BA8E-200CB10C8B03}.Ad-Hoc|iPhoneSimulator.ActiveCfg = Ad-Hoc|iPhoneSimulator
		{EFCE2BCC-BAB3-4F90-BA8E-200CB10C8B03}.Ad-Hoc|iPhoneSimulator.Build.0 = Ad-Hoc|iPhoneSimulator
		{EFCE2BCC-BAB3-4F90-BA8E-200CB10C8B03}.Ad-Hoc|x64.ActiveCfg = Ad-Hoc|iPhone
		{EFCE2BCC-BAB3-4F90-BA8E-200CB10C8B03}.Ad-Hoc|x86.ActiveCfg = Ad-Hoc|iPhone
		{EFCE2BCC-BAB3-4F90-BA8E-200CB10C8B03}.AppStore|Any CPU.ActiveCfg = AppStore|iPhone
		{EFCE2BCC-BAB3-4F90-BA8E-200CB10C8B03}.AppStore|ARM.ActiveCfg = AppStore|iPhone
		{EFCE2BCC-BAB3-4F90-BA8E-200CB10C8B03}.AppStore|iPhone.ActiveCfg = AppStore|iPhone
		{EFCE2BCC-BAB3-4F90-BA8E-200CB10C8B03}.AppStore|iPhone.Build.0 = AppStore|iPhone
		{EFCE2BCC-BAB3-4F90-BA8E-200CB10C8B03}.AppStore|iPhoneSimulator.ActiveCfg = AppStore|iPhoneSimulator
		{EFCE2BCC-BAB3-4F90-BA8E-200CB10C8B03}.AppStore|iPhoneSimulator.Build.0 = AppStore|iPhoneSimulator
		{EFCE2BCC-BAB3-4F90-BA8E-200CB10C8B03}.AppStore|x64.ActiveCfg = AppStore|iPhone
		{EFCE2BCC-BAB3-4F90-BA8E-200CB10C8B03}.AppStore|x86.ActiveCfg = AppStore|iPhone
		{EFCE2BCC-BAB3-4F90-BA8E-200CB10C8B03}.Debug|Any CPU.ActiveCfg = Debug|iPhone
		{EFCE2BCC-BAB3-4F90-BA8E-200CB10C8B03}.Debug|ARM.ActiveCfg = Debug|iPhone
		{EFCE2BCC-BAB3-4F90-BA8E-200CB10C8B03}.Debug|iPhone.ActiveCfg = Debug|iPhone
		{EFCE2BCC-BAB3-4F90-BA8E-200CB10C8B03}.Debug|iPhone.Build.0 = Debug|iPhone
		{EFCE2BCC-BAB3-4F90-BA8E-200CB10C8B03}.Debug|iPhoneSimulator.ActiveCfg = Debug|iPhoneSimulator
		{EFCE2BCC-BAB3-4F90-BA8E-200CB10C8B03}.Debug|iPhoneSimulator.Build.0 = Debug|iPhoneSimulator
		{EFCE2BCC-BAB3-4F90-BA8E-200CB10C8B03}.Debug|x64.ActiveCfg = Debug|iPhone
		{EFCE2BCC-BAB3-4F90-BA8E-200CB10C8B03}.Debug|x86.ActiveCfg = Debug|iPhone
		{EFCE2BCC-BAB3-4F90-BA8E-200CB10C8B03}.Release|Any CPU.ActiveCfg = Release|iPhone
		{EFCE2BCC-BAB3-4F90-BA8E-200CB10C8B03}.Release|ARM.ActiveCfg = Release|iPhone
		{EFCE2BCC-BAB3-4F90-BA8E-200CB10C8B03}.Release|iPhone.ActiveCfg = Release|iPhone
		{EFCE2BCC-BAB3-4F90-BA8E-200CB10C8B03}.Release|iPhone.Build.0 = Release|iPhone
		{EFCE2BCC-BAB3-4F90-BA8E-200CB10C8B03}.Release|iPhoneSimulator.ActiveCfg = Release|iPhoneSimulator
		{EFCE2BCC-BAB3-4F90-BA8E-200CB10C8B03}.Release|iPhoneSimulator.Build.0 = Release|iPhoneSimulator
		{EFCE2BCC-BAB3-4F90-BA8E-200CB10C8B03}.Release|x64.ActiveCfg = Release|iPhone
		{EFCE2BCC-BAB3-4F90-BA8E-200CB10C8B03}.Release|x86.ActiveCfg = Release|iPhone
	EndGlobalSection
	GlobalSection(SolutionProperties) = preSolution
		HideSolutionNode = FALSE
	EndGlobalSection
EndGlobal
